
Microsoft Visual Studio Solution File, Format Version 12.00
# Visual Studio Version 17
VisualStudioVersion = 17.4.33015.44
MinimumVisualStudioVersion = 10.0.40219.1
Project("{FAE04EC0-301F-11D3-BF4B-00C04F79EFBC}") = "Wfl", "Wfl.csproj", "{A7AFD5E6-1C06-4CF6-97F4-A2F10EE34F13}"
EndProject
Project("{FAE04EC0-301F-11D3-BF4B-00C04F79EFBC}") = "Wfl.Domain", "..\Wfl.Domain\Wfl.Domain.csproj", "{86C2ADDB-01D4-4367-8D35-C03704F6D22E}"
EndProject
Project("{FAE04EC0-301F-11D3-BF4B-00C04F79EFBC}") = "Wfl.Application", "..\Wfl.Application\Wfl.Application.csproj", "{F51800EA-8D39-4C26-A04A-BDBC5C9DC3D7}"
EndProject
Global
	GlobalSection(SolutionConfigurationPlatforms) = preSolution
		Debug|Any CPU = Debug|Any CPU
		Release|Any CPU = Release|Any CPU
	EndGlobalSection
	GlobalSection(ProjectConfigurationPlatforms) = postSolution
		{A7AFD5E6-1C06-4CF6-97F4-A2F10EE34F13}.Debug|Any CPU.ActiveCfg = Debug|Any CPU
		{A7AFD5E6-1C06-4CF6-97F4-A2F10EE34F13}.Debug|Any CPU.Build.0 = Debug|Any CPU
		{A7AFD5E6-1C06-4CF6-97F4-A2F10EE34F13}.Release|Any CPU.ActiveCfg = Release|Any CPU
		{A7AFD5E6-1C06-4CF6-97F4-A2F10EE34F13}.Release|Any CPU.Build.0 = Release|Any CPU
		{86C2ADDB-01D4-4367-8D35-C03704F6D22E}.Debug|Any CPU.ActiveCfg = Debug|Any CPU
		{86C2ADDB-01D4-4367-8D35-C03704F6D22E}.Debug|Any CPU.Build.0 = Debug|Any CPU
		{86C2ADDB-01D4-4367-8D35-C03704F6D22E}.Release|Any CPU.ActiveCfg = Release|Any CPU
		{86C2ADDB-01D4-4367-8D35-C03704F6D22E}.Release|Any CPU.Build.0 = Release|Any CPU
		{F51800EA-8D39-4C26-A04A-BDBC5C9DC3D7}.Debug|Any CPU.ActiveCfg = Debug|Any CPU
		{F51800EA-8D39-4C26-A04A-BDBC5C9DC3D7}.Debug|Any CPU.Build.0 = Debug|Any CPU
		{F51800EA-8D39-4C26-A04A-BDBC5C9DC3D7}.Release|Any CPU.ActiveCfg = Release|Any CPU
		{F51800EA-8D39-4C26-A04A-BDBC5C9DC3D7}.Release|Any CPU.Build.0 = Release|Any CPU
	EndGlobalSection
	GlobalSection(SolutionProperties) = preSolution
		HideSolutionNode = FALSE
	EndGlobalSection
	GlobalSection(ExtensibilityGlobals) = postSolution
		SolutionGuid = {D0DCBA24-3B5A-422E-AD85-A471BAE48173}
	EndGlobalSection
EndGlobal
